
Microsoft Visual Studio Solution File, Format Version 12.00
# Visual Studio Version 17
VisualStudioVersion = 17.14.36202.13 d17.14
MinimumVisualStudioVersion = 10.0.40219.1
Project("{FAE04EC0-301F-11D3-BF4B-00C04F79EFBC}") = "UserManagement", "UserManagement\UserManagement.csproj", "{F59FA96C-86B3-4ADC-99A1-308497D69082}"
EndProject
Global
	GlobalSection(SolutionConfigurationPlatforms) = preSolution
		Debug|Any CPU = Debug|Any CPU
		Release|Any CPU = Release|Any CPU
	EndGlobalSection
	GlobalSection(ProjectConfigurationPlatforms) = postSolution
		{F59FA96C-86B3-4ADC-99A1-308497D69082}.Debug|Any CPU.ActiveCfg = Debug|Any CPU
		{F59FA96C-86B3-4ADC-99A1-308497D69082}.Debug|Any CPU.Build.0 = Debug|Any CPU
		{F59FA96C-86B3-4ADC-99A1-308497D69082}.Release|Any CPU.ActiveCfg = Release|Any CPU
		{F59FA96C-86B3-4ADC-99A1-308497D69082}.Release|Any CPU.Build.0 = Release|Any CPU
	EndGlobalSection
	GlobalSection(SolutionProperties) = preSolution
		HideSolutionNode = FALSE
	EndGlobalSection
	GlobalSection(ExtensibilityGlobals) = postSolution
		SolutionGuid = {A271AEBA-879B-4262-B6AF-C34E1D01CB7D}
	EndGlobalSection
EndGlobal
